
Microsoft Visual Studio Solution File, Format Version 12.00
# Visual Studio Version 17
VisualStudioVersion = 17.10.34916.146
MinimumVisualStudioVersion = 10.0.40219.1
Project("{FAE04EC0-301F-11D3-BF4B-00C04F79EFBC}") = "JA_Pixelizacja_Obrazu", "JA_Pixelizacja_Obrazu\JA_Pixelizacja_Obrazu.csproj", "{A727C276-5504-4F50-9B88-80D7143151F1}"
EndProject
Global
	GlobalSection(SolutionConfigurationPlatforms) = preSolution
		Debug|Any CPU = Debug|Any CPU
		Release|Any CPU = Release|Any CPU
	EndGlobalSection
	GlobalSection(ProjectConfigurationPlatforms) = postSolution
		{A727C276-5504-4F50-9B88-80D7143151F1}.Debug|Any CPU.ActiveCfg = Debug|Any CPU
		{A727C276-5504-4F50-9B88-80D7143151F1}.Debug|Any CPU.Build.0 = Debug|Any CPU
		{A727C276-5504-4F50-9B88-80D7143151F1}.Release|Any CPU.ActiveCfg = Release|Any CPU
		{A727C276-5504-4F50-9B88-80D7143151F1}.Release|Any CPU.Build.0 = Release|Any CPU
	EndGlobalSection
	GlobalSection(SolutionProperties) = preSolution
		HideSolutionNode = FALSE
	EndGlobalSection
	GlobalSection(ExtensibilityGlobals) = postSolution
		SolutionGuid = {282CE27B-7529-48F4-A372-6C88BF25F02B}
	EndGlobalSection
EndGlobal
