
Microsoft Visual Studio Solution File, Format Version 12.00
# Visual Studio Version 17
VisualStudioVersion = 17.10.34916.146
MinimumVisualStudioVersion = 10.0.40219.1
Project("{FAE04EC0-301F-11D3-BF4B-00C04F79EFBC}") = "JA_Pixelizacja_Obrazu", "JA_Pixelizacja_Obrazu.csproj", "{ECE4498D-354A-4A39-9D87-EF0C9C3EE522}"
	ProjectSection(ProjectDependencies) = postProject
		{6D684442-ADAF-4E70-8DDB-C8806C975787} = {6D684442-ADAF-4E70-8DDB-C8806C975787}
		{D0A63370-E089-47FE-8E0C-2F373C687110} = {D0A63370-E089-47FE-8E0C-2F373C687110}
	EndProjectSection
EndProject
Project("{8BC9CEB8-8B4A-11D0-8D11-00A0C91BC942}") = "ImageProcessingASM", "ImageProcessingASM\ImageProcessingASM.vcxproj", "{D0A63370-E089-47FE-8E0C-2F373C687110}"
EndProject
Project("{8BC9CEB8-8B4A-11D0-8D11-00A0C91BC942}") = "ImageProcessingCPP", "ImageProcessingCPP\ImageProcessingCPP.vcxproj", "{6D684442-ADAF-4E70-8DDB-C8806C975787}"
EndProject
Project("{8BC9CEB8-8B4A-11D0-8D11-00A0C91BC942}") = "ImageProcessingASM_NonVector", "ImageProcessingASM_NonVector\ImageProcessingASM_NonVector.vcxproj", "{2E3A4EC6-B81C-480C-B6D6-9E797DDBFB0F}"
EndProject
Global
	GlobalSection(SolutionConfigurationPlatforms) = preSolution
		Debug|Any CPU = Debug|Any CPU
		Debug|x64 = Debug|x64
		Debug|x86 = Debug|x86
		Release|Any CPU = Release|Any CPU
		Release|x64 = Release|x64
		Release|x86 = Release|x86
	EndGlobalSection
	GlobalSection(ProjectConfigurationPlatforms) = postSolution
		{ECE4498D-354A-4A39-9D87-EF0C9C3EE522}.Debug|Any CPU.ActiveCfg = Debug|x64
		{ECE4498D-354A-4A39-9D87-EF0C9C3EE522}.Debug|Any CPU.Build.0 = Debug|x64
		{ECE4498D-354A-4A39-9D87-EF0C9C3EE522}.Debug|x64.ActiveCfg = Release|x64
		{ECE4498D-354A-4A39-9D87-EF0C9C3EE522}.Debug|x64.Build.0 = Release|x64
		{ECE4498D-354A-4A39-9D87-EF0C9C3EE522}.Debug|x86.ActiveCfg = Debug|Any CPU
		{ECE4498D-354A-4A39-9D87-EF0C9C3EE522}.Debug|x86.Build.0 = Debug|Any CPU
		{ECE4498D-354A-4A39-9D87-EF0C9C3EE522}.Release|Any CPU.ActiveCfg = Release|Any CPU
		{ECE4498D-354A-4A39-9D87-EF0C9C3EE522}.Release|Any CPU.Build.0 = Release|Any CPU
		{ECE4498D-354A-4A39-9D87-EF0C9C3EE522}.Release|x64.ActiveCfg = Release|x64
		{ECE4498D-354A-4A39-9D87-EF0C9C3EE522}.Release|x64.Build.0 = Release|x64
		{ECE4498D-354A-4A39-9D87-EF0C9C3EE522}.Release|x86.ActiveCfg = Release|Any CPU
		{ECE4498D-354A-4A39-9D87-EF0C9C3EE522}.Release|x86.Build.0 = Release|Any CPU
		{D0A63370-E089-47FE-8E0C-2F373C687110}.Debug|Any CPU.ActiveCfg = Debug|x64
		{D0A63370-E089-47FE-8E0C-2F373C687110}.Debug|Any CPU.Build.0 = Debug|x64
		{D0A63370-E089-47FE-8E0C-2F373C687110}.Debug|x64.ActiveCfg = Release|x64
		{D0A63370-E089-47FE-8E0C-2F373C687110}.Debug|x64.Build.0 = Release|x64
		{D0A63370-E089-47FE-8E0C-2F373C687110}.Debug|x86.ActiveCfg = Debug|Win32
		{D0A63370-E089-47FE-8E0C-2F373C687110}.Debug|x86.Build.0 = Debug|Win32
		{D0A63370-E089-47FE-8E0C-2F373C687110}.Release|Any CPU.ActiveCfg = Release|x64
		{D0A63370-E089-47FE-8E0C-2F373C687110}.Release|Any CPU.Build.0 = Release|x64
		{D0A63370-E089-47FE-8E0C-2F373C687110}.Release|x64.ActiveCfg = Release|x64
		{D0A63370-E089-47FE-8E0C-2F373C687110}.Release|x64.Build.0 = Release|x64
		{D0A63370-E089-47FE-8E0C-2F373C687110}.Release|x86.ActiveCfg = Release|Win32
		{D0A63370-E089-47FE-8E0C-2F373C687110}.Release|x86.Build.0 = Release|Win32
		{6D684442-ADAF-4E70-8DDB-C8806C975787}.Debug|Any CPU.ActiveCfg = Debug|x64
		{6D684442-ADAF-4E70-8DDB-C8806C975787}.Debug|Any CPU.Build.0 = Debug|x64
		{6D684442-ADAF-4E70-8DDB-C8806C975787}.Debug|x64.ActiveCfg = Release|x64
		{6D684442-ADAF-4E70-8DDB-C8806C975787}.Debug|x64.Build.0 = Release|x64
		{6D684442-ADAF-4E70-8DDB-C8806C975787}.Debug|x86.ActiveCfg = Debug|Win32
		{6D684442-ADAF-4E70-8DDB-C8806C975787}.Debug|x86.Build.0 = Debug|Win32
		{6D684442-ADAF-4E70-8DDB-C8806C975787}.Release|Any CPU.ActiveCfg = Release|x64
		{6D684442-ADAF-4E70-8DDB-C8806C975787}.Release|Any CPU.Build.0 = Release|x64
		{6D684442-ADAF-4E70-8DDB-C8806C975787}.Release|x64.ActiveCfg = Release|x64
		{6D684442-ADAF-4E70-8DDB-C8806C975787}.Release|x64.Build.0 = Release|x64
		{6D684442-ADAF-4E70-8DDB-C8806C975787}.Release|x86.ActiveCfg = Release|Win32
		{6D684442-ADAF-4E70-8DDB-C8806C975787}.Release|x86.Build.0 = Release|Win32
		{2E3A4EC6-B81C-480C-B6D6-9E797DDBFB0F}.Debug|Any CPU.ActiveCfg = Debug|x64
		{2E3A4EC6-B81C-480C-B6D6-9E797DDBFB0F}.Debug|Any CPU.Build.0 = Debug|x64
		{2E3A4EC6-B81C-480C-B6D6-9E797DDBFB0F}.Debug|x64.ActiveCfg = Release|x64
		{2E3A4EC6-B81C-480C-B6D6-9E797DDBFB0F}.Debug|x64.Build.0 = Release|x64
		{2E3A4EC6-B81C-480C-B6D6-9E797DDBFB0F}.Debug|x86.ActiveCfg = Debug|Win32
		{2E3A4EC6-B81C-480C-B6D6-9E797DDBFB0F}.Debug|x86.Build.0 = Debug|Win32
		{2E3A4EC6-B81C-480C-B6D6-9E797DDBFB0F}.Release|Any CPU.ActiveCfg = Release|x64
		{2E3A4EC6-B81C-480C-B6D6-9E797DDBFB0F}.Release|Any CPU.Build.0 = Release|x64
		{2E3A4EC6-B81C-480C-B6D6-9E797DDBFB0F}.Release|x64.ActiveCfg = Release|x64
		{2E3A4EC6-B81C-480C-B6D6-9E797DDBFB0F}.Release|x64.Build.0 = Release|x64
		{2E3A4EC6-B81C-480C-B6D6-9E797DDBFB0F}.Release|x86.ActiveCfg = Release|Win32
		{2E3A4EC6-B81C-480C-B6D6-9E797DDBFB0F}.Release|x86.Build.0 = Release|Win32
	EndGlobalSection
	GlobalSection(SolutionProperties) = preSolution
		HideSolutionNode = FALSE
	EndGlobalSection
	GlobalSection(ExtensibilityGlobals) = postSolution
		SolutionGuid = {BBFFB8E9-ECE1-4E36-8731-B48C3A96CED6}
	EndGlobalSection
EndGlobal
